// !$*UTF8*$!
{
	archiveVersion = 1;
	classes = {
	};
	objectVersion = 55;
	objects = {

/* Begin PBXBuildFile section */
		56A3710428C79672009267DC /* ApplicationIOSApp.swift in Sources */ = {isa = PBXBuildFile; fileRef = 56A3710328C79672009267DC /* ApplicationIOSApp.swift */; };
		56A3710628C79672009267DC /* ContentView.swift in Sources */ = {isa = PBXBuildFile; fileRef = 56A3710528C79672009267DC /* ContentView.swift */; };
		56A3710828C79674009267DC /* Assets.xcassets in Resources */ = {isa = PBXBuildFile; fileRef = 56A3710728C79674009267DC /* Assets.xcassets */; };
		56A3710B28C79674009267DC /* Preview Assets.xcassets in Resources */ = {isa = PBXBuildFile; fileRef = 56A3710A28C79674009267DC /* Preview Assets.xcassets */; };
		56A3711528C79674009267DC /* ApplicationIOSTests.swift in Sources */ = {isa = PBXBuildFile; fileRef = 56A3711428C79674009267DC /* ApplicationIOSTests.swift */; };
		56A3711F28C79674009267DC /* ApplicationIOSUITests.swift in Sources */ = {isa = PBXBuildFile; fileRef = 56A3711E28C79674009267DC /* ApplicationIOSUITests.swift */; };
		56A3712128C79674009267DC /* ApplicationIOSUITestsLaunchTests.swift in Sources */ = {isa = PBXBuildFile; fileRef = 56A3712028C79674009267DC /* ApplicationIOSUITestsLaunchTests.swift */; };
/* End PBXBuildFile section */

/* Begin PBXContainerItemProxy section */
		56A3711128C79674009267DC /* PBXContainerItemProxy */ = {
			isa = PBXContainerItemProxy;
			containerPortal = 56A370F828C79672009267DC /* Project object */;
			proxyType = 1;
			remoteGlobalIDString = 56A370FF28C79672009267DC;
			remoteInfo = ApplicationIOS;
		};
		56A3711B28C79674009267DC /* PBXContainerItemProxy */ = {
			isa = PBXContainerItemProxy;
			containerPortal = 56A370F828C79672009267DC /* Project object */;
			proxyType = 1;
			remoteGlobalIDString = 56A370FF28C79672009267DC;
			remoteInfo = ApplicationIOS;
		};
/* End PBXContainerItemProxy section */

/* Begin PBXFileReference section */
		56A3710028C79672009267DC /* ApplicationIOS.app */ = {isa = PBXFileReference; explicitFileType = wrapper.application; includeInIndex = 0; path = ApplicationIOS.app; sourceTree = BUILT_PRODUCTS_DIR; };
		56A3710328C79672009267DC /* ApplicationIOSApp.swift */ = {isa = PBXFileReference; lastKnownFileType = sourcecode.swift; path = ApplicationIOSApp.swift; sourceTree = "<group>"; };
		56A3710528C79672009267DC /* ContentView.swift */ = {isa = PBXFileReference; lastKnownFileType = sourcecode.swift; path = ContentView.swift; sourceTree = "<group>"; };
		56A3710728C79674009267DC /* Assets.xcassets */ = {isa = PBXFileReference; lastKnownFileType = folder.assetcatalog; path = Assets.xcassets; sourceTree = "<group>"; };
		56A3710A28C79674009267DC /* Preview Assets.xcassets */ = {isa = PBXFileReference; lastKnownFileType = folder.assetcatalog; path = "Preview Assets.xcassets"; sourceTree = "<group>"; };
		56A3711028C79674009267DC /* ApplicationIOSTests.xctest */ = {isa = PBXFileReference; explicitFileType = wrapper.cfbundle; includeInIndex = 0; path = ApplicationIOSTests.xctest; sourceTree = BUILT_PRODUCTS_DIR; };
		56A3711428C79674009267DC /* ApplicationIOSTests.swift */ = {isa = PBXFileReference; lastKnownFileType = sourcecode.swift; path = ApplicationIOSTests.swift; sourceTree = "<group>"; };
		56A3711A28C79674009267DC /* ApplicationIOSUITests.xctest */ = {isa = PBXFileReference; explicitFileType = wrapper.cfbundle; includeInIndex = 0; path = ApplicationIOSUITests.xctest; sourceTree = BUILT_PRODUCTS_DIR; };
		56A3711E28C79674009267DC /* ApplicationIOSUITests.swift */ = {isa = PBXFileReference; lastKnownFileType = sourcecode.swift; path = ApplicationIOSUITests.swift; sourceTree = "<group>"; };
		56A3712028C79674009267DC /* ApplicationIOSUITestsLaunchTests.swift */ = {isa = PBXFileReference; lastKnownFileType = sourcecode.swift; path = ApplicationIOSUITestsLaunchTests.swift; sourceTree = "<group>"; };
/* End PBXFileReference section */

/* Begin PBXFrameworksBuildPhase section */
		56A370FD28C79672009267DC /* Frameworks */ = {
			isa = PBXFrameworksBuildPhase;
			buildActionMask = 2147483647;
			files = (
			);
			runOnlyForDeploymentPostprocessing = 0;
		};
		56A3710D28C79674009267DC /* Frameworks */ = {
			isa = PBXFrameworksBuildPhase;
			buildActionMask = 2147483647;
			files = (
			);
			runOnlyForDeploymentPostprocessing = 0;
		};
		56A3711728C79674009267DC /* Frameworks */ = {
			isa = PBXFrameworksBuildPhase;
			buildActionMask = 2147483647;
			files = (
			);
			runOnlyForDeploymentPostprocessing = 0;
		};
/* End PBXFrameworksBuildPhase section */

/* Begin PBXGroup section */
		56A370F728C79672009267DC = {
			isa = PBXGroup;
			children = (
				56A3710228C79672009267DC /* ApplicationIOS */,
				56A3711328C79674009267DC /* ApplicationIOSTests */,
				56A3711D28C79674009267DC /* ApplicationIOSUITests */,
				56A3710128C79672009267DC /* Products */,
			);
			sourceTree = "<group>";
		};
		56A3710128C79672009267DC /* Products */ = {
			isa = PBXGroup;
			children = (
				56A3710028C79672009267DC /* ApplicationIOS.app */,
				56A3711028C79674009267DC /* ApplicationIOSTests.xctest */,
				56A3711A28C79674009267DC /* ApplicationIOSUITests.xctest */,
			);
			name = Products;
			sourceTree = "<group>";
		};
		56A3710228C79672009267DC /* ApplicationIOS */ = {
			isa = PBXGroup;
			children = (
				56A3710328C79672009267DC /* ApplicationIOSApp.swift */,
				56A3710528C79672009267DC /* ContentView.swift */,
				56A3710728C79674009267DC /* Assets.xcassets */,
				56A3710928C79674009267DC /* Preview Content */,
			);
			path = ApplicationIOS;
			sourceTree = "<group>";
		};
		56A3710928C79674009267DC /* Preview Content */ = {
			isa = PBXGroup;
			children = (
				56A3710A28C79674009267DC /* Preview Assets.xcassets */,
			);
			path = "Preview Content";
			sourceTree = "<group>";
		};
		56A3711328C79674009267DC /* ApplicationIOSTests */ = {
			isa = PBXGroup;
			children = (
				56A3711428C79674009267DC /* ApplicationIOSTests.swift */,
			);
			path = ApplicationIOSTests;
			sourceTree = "<group>";
		};
		56A3711D28C79674009267DC /* ApplicationIOSUITests */ = {
			isa = PBXGroup;
			children = (
				56A3711E28C79674009267DC /* ApplicationIOSUITests.swift */,
				56A3712028C79674009267DC /* ApplicationIOSUITestsLaunchTests.swift */,
			);
			path = ApplicationIOSUITests;
			sourceTree = "<group>";
		};
/* End PBXGroup section */

/* Begin PBXNativeTarget section */
		56A370FF28C79672009267DC /* ApplicationIOS */ = {
			isa = PBXNativeTarget;
			buildConfigurationList = 56A3712428C79674009267DC /* Build configuration list for PBXNativeTarget "ApplicationIOS" */;
			buildPhases = (
				56A370FC28C79672009267DC /* Sources */,
				56A370FD28C79672009267DC /* Frameworks */,
				56A370FE28C79672009267DC /* Resources */,
			);
			buildRules = (
			);
			dependencies = (
			);
			name = ApplicationIOS;
			productName = ApplicationIOS;
			productReference = 56A3710028C79672009267DC /* ApplicationIOS.app */;
			productType = "com.apple.product-type.application";
		};
		56A3710F28C79674009267DC /* ApplicationIOSTests */ = {
			isa = PBXNativeTarget;
			buildConfigurationList = 56A3712728C79674009267DC /* Build configuration list for PBXNativeTarget "ApplicationIOSTests" */;
			buildPhases = (
				56A3710C28C79674009267DC /* Sources */,
				56A3710D28C79674009267DC /* Frameworks */,
				56A3710E28C79674009267DC /* Resources */,
			);
			buildRules = (
			);
			dependencies = (
				56A3711228C79674009267DC /* PBXTargetDependency */,
			);
			name = ApplicationIOSTests;
			productName = ApplicationIOSTests;
			productReference = 56A3711028C79674009267DC /* ApplicationIOSTests.xctest */;
			productType = "com.apple.product-type.bundle.unit-test";
		};
		56A3711928C79674009267DC /* ApplicationIOSUITests */ = {
			isa = PBXNativeTarget;
			buildConfigurationList = 56A3712A28C79674009267DC /* Build configuration list for PBXNativeTarget "ApplicationIOSUITests" */;
			buildPhases = (
				56A3711628C79674009267DC /* Sources */,
				56A3711728C79674009267DC /* Frameworks */,
				56A3711828C79674009267DC /* Resources */,
			);
			buildRules = (
			);
			dependencies = (
				56A3711C28C79674009267DC /* PBXTargetDependency */,
			);
			name = ApplicationIOSUITests;
			productName = ApplicationIOSUITests;
			productReference = 56A3711A28C79674009267DC /* ApplicationIOSUITests.xctest */;
			productType = "com.apple.product-type.bundle.ui-testing";
		};
/* End PBXNativeTarget section */

/* Begin PBXProject section */
		56A370F828C79672009267DC /* Project object */ = {
			isa = PBXProject;
			attributes = {
				BuildIndependentTargetsInParallel = 1;
				LastSwiftUpdateCheck = 1340;
				LastUpgradeCheck = 1340;
				TargetAttributes = {
					56A370FF28C79672009267DC = {
						CreatedOnToolsVersion = 13.4.1;
					};
					56A3710F28C79674009267DC = {
						CreatedOnToolsVersion = 13.4.1;
						TestTargetID = 56A370FF28C79672009267DC;
					};
					56A3711928C79674009267DC = {
						CreatedOnToolsVersion = 13.4.1;
						TestTargetID = 56A370FF28C79672009267DC;
					};
				};
			};
			buildConfigurationList = 56A370FB28C79672009267DC /* Build configuration list for PBXProject "ApplicationIOS" */;
			compatibilityVersion = "Xcode 13.0";
			developmentRegion = en;
			hasScannedForEncodings = 0;
			knownRegions = (
				en,
				Base,
			);
			mainGroup = 56A370F728C79672009267DC;
			productRefGroup = 56A3710128C79672009267DC /* Products */;
			projectDirPath = "";
			projectRoot = "";
			targets = (
				56A370FF28C79672009267DC /* ApplicationIOS */,
				56A3710F28C79674009267DC /* ApplicationIOSTests */,
				56A3711928C79674009267DC /* ApplicationIOSUITests */,
			);
		};
/* End PBXProject section */

/* Begin PBXResourcesBuildPhase section */
		56A370FE28C79672009267DC /* Resources */ = {
			isa = PBXResourcesBuildPhase;
			buildActionMask = 2147483647;
			files = (
				56A3710B28C79674009267DC /* Preview Assets.xcassets in Resources */,
				56A3710828C79674009267DC /* Assets.xcassets in Resources */,
			);
			runOnlyForDeploymentPostprocessing = 0;
		};
		56A3710E28C79674009267DC /* Resources */ = {
			isa = PBXResourcesBuildPhase;
			buildActionMask = 2147483647;
			files = (
			);
			runOnlyForDeploymentPostprocessing = 0;
		};
		56A3711828C79674009267DC /* Resources */ = {
			isa = PBXResourcesBuildPhase;
			buildActionMask = 2147483647;
			files = (
			);
			runOnlyForDeploymentPostprocessing = 0;
		};
/* End PBXResourcesBuildPhase section */

/* Begin PBXSourcesBuildPhase section */
		56A370FC28C79672009267DC /* Sources */ = {
			isa = PBXSourcesBuildPhase;
			buildActionMask = 2147483647;
			files = (
				56A3710628C79672009267DC /* ContentView.swift in Sources */,
				56A3710428C79672009267DC /* ApplicationIOSApp.swift in Sources */,
			);
			runOnlyForDeploymentPostprocessing = 0;
		};
		56A3710C28C79674009267DC /* Sources */ = {
			isa = PBXSourcesBuildPhase;
			buildActionMask = 2147483647;
			files = (
				56A3711528C79674009267DC /* ApplicationIOSTests.swift in Sources */,
			);
			runOnlyForDeploymentPostprocessing = 0;
		};
		56A3711628C79674009267DC /* Sources */ = {
			isa = PBXSourcesBuildPhase;
			buildActionMask = 2147483647;
			files = (
				56A3711F28C79674009267DC /* ApplicationIOSUITests.swift in Sources */,
				56A3712128C79674009267DC /* ApplicationIOSUITestsLaunchTests.swift in Sources */,
			);
			runOnlyForDeploymentPostprocessing = 0;
		};
/* End PBXSourcesBuildPhase section */

/* Begin PBXTargetDependency section */
		56A3711228C79674009267DC /* PBXTargetDependency */ = {
			isa = PBXTargetDependency;
			target = 56A370FF28C79672009267DC /* ApplicationIOS */;
			targetProxy = 56A3711128C79674009267DC /* PBXContainerItemProxy */;
		};
		56A3711C28C79674009267DC /* PBXTargetDependency */ = {
			isa = PBXTargetDependency;
			target = 56A370FF28C79672009267DC /* ApplicationIOS */;
			targetProxy = 56A3711B28C79674009267DC /* PBXContainerItemProxy */;
		};
/* End PBXTargetDependency section */

/* Begin XCBuildConfiguration section */
		56A3712228C79674009267DC /* Debug */ = {
			isa = XCBuildConfiguration;
			buildSettings = {
				ALWAYS_SEARCH_USER_PATHS = NO;
				CLANG_ANALYZER_NONNULL = YES;
				CLANG_ANALYZER_NUMBER_OBJECT_CONVERSION = YES_AGGRESSIVE;
				CLANG_CXX_LANGUAGE_STANDARD = "gnu++17";
				CLANG_ENABLE_MODULES = YES;
				CLANG_ENABLE_OBJC_ARC = YES;
				CLANG_ENABLE_OBJC_WEAK = YES;
				CLANG_WARN_BLOCK_CAPTURE_AUTORELEASING = YES;
				CLANG_WARN_BOOL_CONVERSION = YES;
				CLANG_WARN_COMMA = YES;
				CLANG_WARN_CONSTANT_CONVERSION = YES;
				CLANG_WARN_DEPRECATED_OBJC_IMPLEMENTATIONS = YES;
				CLANG_WARN_DIRECT_OBJC_ISA_USAGE = YES_ERROR;
				CLANG_WARN_DOCUMENTATION_COMMENTS = YES;
				CLANG_WARN_EMPTY_BODY = YES;
				CLANG_WARN_ENUM_CONVERSION = YES;
				CLANG_WARN_INFINITE_RECURSION = YES;
				CLANG_WARN_INT_CONVERSION = YES;
				CLANG_WARN_NON_LITERAL_NULL_CONVERSION = YES;
				CLANG_WARN_OBJC_IMPLICIT_RETAIN_SELF = YES;
				CLANG_WARN_OBJC_LITERAL_CONVERSION = YES;
				CLANG_WARN_OBJC_ROOT_CLASS = YES_ERROR;
				CLANG_WARN_QUOTED_INCLUDE_IN_FRAMEWORK_HEADER = YES;
				CLANG_WARN_RANGE_LOOP_ANALYSIS = YES;
				CLANG_WARN_STRICT_PROTOTYPES = YES;
				CLANG_WARN_SUSPICIOUS_MOVE = YES;
				CLANG_WARN_UNGUARDED_AVAILABILITY = YES_AGGRESSIVE;
				CLANG_WARN_UNREACHABLE_CODE = YES;
				CLANG_WARN__DUPLICATE_METHOD_MATCH = YES;
				COPY_PHASE_STRIP = NO;
				DEBUG_INFORMATION_FORMAT = dwarf;
				ENABLE_STRICT_OBJC_MSGSEND = YES;
				ENABLE_TESTABILITY = YES;
				GCC_C_LANGUAGE_STANDARD = gnu11;
				GCC_DYNAMIC_NO_PIC = NO;
				GCC_NO_COMMON_BLOCKS = YES;
				GCC_OPTIMIZATION_LEVEL = 0;
				GCC_PREPROCESSOR_DEFINITIONS = (
					"DEBUG=1",
					"$(inherited)",
				);
				GCC_WARN_64_TO_32_BIT_CONVERSION = YES;
				GCC_WARN_ABOUT_RETURN_TYPE = YES_ERROR;
				GCC_WARN_UNDECLARED_SELECTOR = YES;
				GCC_WARN_UNINITIALIZED_AUTOS = YES_AGGRESSIVE;
				GCC_WARN_UNUSED_FUNCTION = YES;
				GCC_WARN_UNUSED_VARIABLE = YES;
				IPHONEOS_DEPLOYMENT_TARGET = 15.5;
				MTL_ENABLE_DEBUG_INFO = INCLUDE_SOURCE;
				MTL_FAST_MATH = YES;
				ONLY_ACTIVE_ARCH = YES;
				SDKROOT = iphoneos;
				SWIFT_ACTIVE_COMPILATION_CONDITIONS = DEBUG;
				SWIFT_OPTIMIZATION_LEVEL = "-Onone";
			};
			name = Debug;
		};
		56A3712328C79674009267DC /* Release */ = {
			isa = XCBuildConfiguration;
			buildSettings = {
				ALWAYS_SEARCH_USER_PATHS = NO;
				CLANG_ANALYZER_NONNULL = YES;
				CLANG_ANALYZER_NUMBER_OBJECT_CONVERSION = YES_AGGRESSIVE;
				CLANG_CXX_LANGUAGE_STANDARD = "gnu++17";
				CLANG_ENABLE_MODULES = YES;
				CLANG_ENABLE_OBJC_ARC = YES;
				CLANG_ENABLE_OBJC_WEAK = YES;
				CLANG_WARN_BLOCK_CAPTURE_AUTORELEASING = YES;
				CLANG_WARN_BOOL_CONVERSION = YES;
				CLANG_WARN_COMMA = YES;
				CLANG_WARN_CONSTANT_CONVERSION = YES;
				CLANG_WARN_DEPRECATED_OBJC_IMPLEMENTATIONS = YES;
				CLANG_WARN_DIRECT_OBJC_ISA_USAGE = YES_ERROR;
				CLANG_WARN_DOCUMENTATION_COMMENTS = YES;
				CLANG_WARN_EMPTY_BODY = YES;
				CLANG_WARN_ENUM_CONVERSION = YES;
				CLANG_WARN_INFINITE_RECURSION = YES;
				CLANG_WARN_INT_CONVERSION = YES;
				CLANG_WARN_NON_LITERAL_NULL_CONVERSION = YES;
				CLANG_WARN_OBJC_IMPLICIT_RETAIN_SELF = YES;
				CLANG_WARN_OBJC_LITERAL_CONVERSION = YES;
				CLANG_WARN_OBJC_ROOT_CLASS = YES_ERROR;
				CLANG_WARN_QUOTED_INCLUDE_IN_FRAMEWORK_HEADER = YES;
				CLANG_WARN_RANGE_LOOP_ANALYSIS = YES;
				CLANG_WARN_STRICT_PROTOTYPES = YES;
				CLANG_WARN_SUSPICIOUS_MOVE = YES;
				CLANG_WARN_UNGUARDED_AVAILABILITY = YES_AGGRESSIVE;
				CLANG_WARN_UNREACHABLE_CODE = YES;
				CLANG_WARN__DUPLICATE_METHOD_MATCH = YES;
				COPY_PHASE_STRIP = NO;
				DEBUG_INFORMATION_FORMAT = "dwarf-with-dsym";
				ENABLE_NS_ASSERTIONS = NO;
				ENABLE_STRICT_OBJC_MSGSEND = YES;
				GCC_C_LANGUAGE_STANDARD = gnu11;
				GCC_NO_COMMON_BLOCKS = YES;
				GCC_WARN_64_TO_32_BIT_CONVERSION = YES;
				GCC_WARN_ABOUT_RETURN_TYPE = YES_ERROR;
				GCC_WARN_UNDECLARED_SELECTOR = YES;
				GCC_WARN_UNINITIALIZED_AUTOS = YES_AGGRESSIVE;
				GCC_WARN_UNUSED_FUNCTION = YES;
				GCC_WARN_UNUSED_VARIABLE = YES;
				IPHONEOS_DEPLOYMENT_TARGET = 15.5;
				MTL_ENABLE_DEBUG_INFO = NO;
				MTL_FAST_MATH = YES;
				SDKROOT = iphoneos;
				SWIFT_COMPILATION_MODE = wholemodule;
				SWIFT_OPTIMIZATION_LEVEL = "-O";
				VALIDATE_PRODUCT = YES;
			};
			name = Release;
		};
		56A3712528C79674009267DC /* Debug */ = {
			isa = XCBuildConfiguration;
			buildSettings = {
				ASSETCATALOG_COMPILER_APPICON_NAME = AppIcon;
				ASSETCATALOG_COMPILER_GLOBAL_ACCENT_COLOR_NAME = AccentColor;
				CODE_SIGN_STYLE = Automatic;
				CURRENT_PROJECT_VERSION = 1;
				DEVELOPMENT_ASSET_PATHS = "\"ApplicationIOS/Preview Content\"";
				ENABLE_PREVIEWS = YES;
				GENERATE_INFOPLIST_FILE = YES;
				INFOPLIST_KEY_UIApplicationSceneManifest_Generation = YES;
				INFOPLIST_KEY_UIApplicationSupportsIndirectInputEvents = YES;
				INFOPLIST_KEY_UILaunchScreen_Generation = YES;
				INFOPLIST_KEY_UISupportedInterfaceOrientations_iPad = "UIInterfaceOrientationPortrait UIInterfaceOrientationPortraitUpsideDown UIInterfaceOrientationLandscapeLeft UIInterfaceOrientationLandscapeRight";
				INFOPLIST_KEY_UISupportedInterfaceOrientations_iPhone = "UIInterfaceOrientationPortrait UIInterfaceOrientationLandscapeLeft UIInterfaceOrientationLandscapeRight";
				LD_RUNPATH_SEARCH_PATHS = (
					"$(inherited)",
					"@executable_path/Frameworks",
				);
				MARKETING_VERSION = 1.0;
				PRODUCT_BUNDLE_IDENTIFIER = Sara.ApplicationIOS;
				PRODUCT_NAME = "$(TARGET_NAME)";
				SWIFT_EMIT_LOC_STRINGS = YES;
				SWIFT_VERSION = 5.0;
				TARGETED_DEVICE_FAMILY = "1,2";
			};
			name = Debug;
		};
		56A3712628C79674009267DC /* Release */ = {
			isa = XCBuildConfiguration;
			buildSettings = {
				ASSETCATALOG_COMPILER_APPICON_NAME = AppIcon;
				ASSETCATALOG_COMPILER_GLOBAL_ACCENT_COLOR_NAME = AccentColor;
				CODE_SIGN_STYLE = Automatic;
				CURRENT_PROJECT_VERSION = 1;
				DEVELOPMENT_ASSET_PATHS = "\"ApplicationIOS/Preview Content\"";
				ENABLE_PREVIEWS = YES;
				GENERATE_INFOPLIST_FILE = YES;
				INFOPLIST_KEY_UIApplicationSceneManifest_Generation = YES;
				INFOPLIST_KEY_UIApplicationSupportsIndirectInputEvents = YES;
				INFOPLIST_KEY_UILaunchScreen_Generation = YES;
				INFOPLIST_KEY_UISupportedInterfaceOrientations_iPad = "UIInterfaceOrientationPortrait UIInterfaceOrientationPortraitUpsideDown UIInterfaceOrientationLandscapeLeft UIInterfaceOrientationLandscapeRight";
				INFOPLIST_KEY_UISupportedInterfaceOrientations_iPhone = "UIInterfaceOrientationPortrait UIInterfaceOrientationLandscapeLeft UIInterfaceOrientationLandscapeRight";
				LD_RUNPATH_SEARCH_PATHS = (
					"$(inherited)",
					"@executable_path/Frameworks",
				);
				MARKETING_VERSION = 1.0;
				PRODUCT_BUNDLE_IDENTIFIER = Sara.ApplicationIOS;
				PRODUCT_NAME = "$(TARGET_NAME)";
				SWIFT_EMIT_LOC_STRINGS = YES;
				SWIFT_VERSION = 5.0;
				TARGETED_DEVICE_FAMILY = "1,2";
			};
			name = Release;
		};
		56A3712828C79674009267DC /* Debug */ = {
			isa = XCBuildConfiguration;
			buildSettings = {
				ALWAYS_EMBED_SWIFT_STANDARD_LIBRARIES = YES;
				BUNDLE_LOADER = "$(TEST_HOST)";
				CODE_SIGN_STYLE = Automatic;
				CURRENT_PROJECT_VERSION = 1;
				GENERATE_INFOPLIST_FILE = YES;
				IPHONEOS_DEPLOYMENT_TARGET = 15.5;
				MARKETING_VERSION = 1.0;
				PRODUCT_BUNDLE_IDENTIFIER = Sara.ApplicationIOSTests;
				PRODUCT_NAME = "$(TARGET_NAME)";
				SWIFT_EMIT_LOC_STRINGS = NO;
				SWIFT_VERSION = 5.0;
				TARGETED_DEVICE_FAMILY = "1,2";
				TEST_HOST = "$(BUILT_PRODUCTS_DIR)/ApplicationIOS.app/ApplicationIOS";
			};
			name = Debug;
		};
		56A3712928C79674009267DC /* Release */ = {
			isa = XCBuildConfiguration;
			buildSettings = {
				ALWAYS_EMBED_SWIFT_STANDARD_LIBRARIES = YES;
				BUNDLE_LOADER = "$(TEST_HOST)";
				CODE_SIGN_STYLE = Automatic;
				CURRENT_PROJECT_VERSION = 1;
				GENERATE_INFOPLIST_FILE = YES;
				IPHONEOS_DEPLOYMENT_TARGET = 15.5;
				MARKETING_VERSION = 1.0;
				PRODUCT_BUNDLE_IDENTIFIER = Sara.ApplicationIOSTests;
				PRODUCT_NAME = "$(TARGET_NAME)";
				SWIFT_EMIT_LOC_STRINGS = NO;
				SWIFT_VERSION = 5.0;
				TARGETED_DEVICE_FAMILY = "1,2";
				TEST_HOST = "$(BUILT_PRODUCTS_DIR)/ApplicationIOS.app/ApplicationIOS";
			};
			name = Release;
		};
		56A3712B28C79674009267DC /* Debug */ = {
			isa = XCBuildConfiguration;
			buildSettings = {
				ALWAYS_EMBED_SWIFT_STANDARD_LIBRARIES = YES;
				CODE_SIGN_STYLE = Automatic;
				CURRENT_PROJECT_VERSION = 1;
				GENERATE_INFOPLIST_FILE = YES;
				MARKETING_VERSION = 1.0;
				PRODUCT_BUNDLE_IDENTIFIER = Sara.ApplicationIOSUITests;
				PRODUCT_NAME = "$(TARGET_NAME)";
				SWIFT_EMIT_LOC_STRINGS = NO;
				SWIFT_VERSION = 5.0;
				TARGETED_DEVICE_FAMILY = "1,2";
				TEST_TARGET_NAME = ApplicationIOS;
			};
			name = Debug;
		};
		56A3712C28C79674009267DC /* Release */ = {
			isa = XCBuildConfiguration;
			buildSettings = {
				ALWAYS_EMBED_SWIFT_STANDARD_LIBRARIES = YES;
				CODE_SIGN_STYLE = Automatic;
				CURRENT_PROJECT_VERSION = 1;
				GENERATE_INFOPLIST_FILE = YES;
				MARKETING_VERSION = 1.0;
				PRODUCT_BUNDLE_IDENTIFIER = Sara.ApplicationIOSUITests;
				PRODUCT_NAME = "$(TARGET_NAME)";
				SWIFT_EMIT_LOC_STRINGS = NO;
				SWIFT_VERSION = 5.0;
				TARGETED_DEVICE_FAMILY = "1,2";
				TEST_TARGET_NAME = ApplicationIOS;
			};
			name = Release;
		};
/* End XCBuildConfiguration section */

/* Begin XCConfigurationList section */
		56A370FB28C79672009267DC /* Build configuration list for PBXProject "ApplicationIOS" */ = {
			isa = XCConfigurationList;
			buildConfigurations = (
				56A3712228C79674009267DC /* Debug */,
				56A3712328C79674009267DC /* Release */,
			);
			defaultConfigurationIsVisible = 0;
			defaultConfigurationName = Release;
		};
		56A3712428C79674009267DC /* Build configuration list for PBXNativeTarget "ApplicationIOS" */ = {
			isa = XCConfigurationList;
			buildConfigurations = (
				56A3712528C79674009267DC /* Debug */,
				56A3712628C79674009267DC /* Release */,
			);
			defaultConfigurationIsVisible = 0;
			defaultConfigurationName = Release;
		};
		56A3712728C79674009267DC /* Build configuration list for PBXNativeTarget "ApplicationIOSTests" */ = {
			isa = XCConfigurationList;
			buildConfigurations = (
				56A3712828C79674009267DC /* Debug */,
				56A3712928C79674009267DC /* Release */,
			);
			defaultConfigurationIsVisible = 0;
			defaultConfigurationName = Release;
		};
		56A3712A28C79674009267DC /* Build configuration list for PBXNativeTarget "ApplicationIOSUITests" */ = {
			isa = XCConfigurationList;
			buildConfigurations = (
				56A3712B28C79674009267DC /* Debug */,
				56A3712C28C79674009267DC /* Release */,
			);
			defaultConfigurationIsVisible = 0;
			defaultConfigurationName = Release;
		};
/* End XCConfigurationList section */
	};
	rootObject = 56A370F828C79672009267DC /* Project object */;
}
